
Microsoft Visual Studio Solution File, Format Version 12.00
# Visual Studio Version 17
VisualStudioVersion = 17.4.33103.184
MinimumVisualStudioVersion = 10.0.40219.1
Project("{9A19103F-16F7-4668-BE54-9A1E7A4F7556}") = "WebApp", "WebApp\WebApp.csproj", "{A78CAA5D-77FD-4098-876B-CA3B77FA2323}"
EndProject
Project("{9A19103F-16F7-4668-BE54-9A1E7A4F7556}") = "IntegrationTests", "IntegrationTests\IntegrationTests.csproj", "{29FAC437-8F46-4C2C-BF71-AD663856DEE4}"
EndProject
Global
	GlobalSection(SolutionConfigurationPlatforms) = preSolution
		Debug|Any CPU = Debug|Any CPU
		Release|Any CPU = Release|Any CPU
	EndGlobalSection
	GlobalSection(ProjectConfigurationPlatforms) = postSolution
		{A78CAA5D-77FD-4098-876B-CA3B77FA2323}.Debug|Any CPU.ActiveCfg = Debug|Any CPU
		{A78CAA5D-77FD-4098-876B-CA3B77FA2323}.Debug|Any CPU.Build.0 = Debug|Any CPU
		{A78CAA5D-77FD-4098-876B-CA3B77FA2323}.Release|Any CPU.ActiveCfg = Release|Any CPU
		{A78CAA5D-77FD-4098-876B-CA3B77FA2323}.Release|Any CPU.Build.0 = Release|Any CPU
		{29FAC437-8F46-4C2C-BF71-AD663856DEE4}.Debug|Any CPU.ActiveCfg = Debug|Any CPU
		{29FAC437-8F46-4C2C-BF71-AD663856DEE4}.Debug|Any CPU.Build.0 = Debug|Any CPU
		{29FAC437-8F46-4C2C-BF71-AD663856DEE4}.Release|Any CPU.ActiveCfg = Release|Any CPU
		{29FAC437-8F46-4C2C-BF71-AD663856DEE4}.Release|Any CPU.Build.0 = Release|Any CPU
	EndGlobalSection
	GlobalSection(SolutionProperties) = preSolution
		HideSolutionNode = FALSE
	EndGlobalSection
	GlobalSection(ExtensibilityGlobals) = postSolution
		SolutionGuid = {F407ACAA-667F-4677-B40E-4A4EBCA9BC8C}
	EndGlobalSection
EndGlobal
